
Microsoft Visual Studio Solution File, Format Version 12.00
# Visual Studio 15
VisualStudioVersion = 15.0.28307.1340
MinimumVisualStudioVersion = 10.0.40219.1
Project("{FAE04EC0-301F-11D3-BF4B-00C04F79EFBC}") = "Label", "Classic_control_elements\Label.csproj", "{9B4CFB55-8435-4F50-97AB-7967CFCC39B0}"
EndProject
Project("{FAE04EC0-301F-11D3-BF4B-00C04F79EFBC}") = "TextBox", "TextBox\TextBox.csproj", "{3DAA6C3A-E513-4B41-BF7F-BA1CEBA461D9}"
EndProject
Project("{FAE04EC0-301F-11D3-BF4B-00C04F79EFBC}") = "CheckBoxList", "CheckBoxList\CheckBoxList.csproj", "{41E92BA8-A726-47E6-B739-B22678584103}"
EndProject
Project("{FAE04EC0-301F-11D3-BF4B-00C04F79EFBC}") = "RadioButtonList", "RadioButtonList\RadioButtonList.csproj", "{907F6FF2-800D-479F-BA84-64854BECF0AF}"
EndProject
Project("{FAE04EC0-301F-11D3-BF4B-00C04F79EFBC}") = "Transparent", "Transparent\Transparent.csproj", "{5BE0A62C-9A59-463F-841A-BD8A10B4BB29}"
EndProject
Project("{FAE04EC0-301F-11D3-BF4B-00C04F79EFBC}") = "ToolTip", "ToolTip\ToolTip.csproj", "{7B994552-7964-407A-A50D-21D0B6953786}"
EndProject
Project("{FAE04EC0-301F-11D3-BF4B-00C04F79EFBC}") = "Popup", "Popup\Popup.csproj", "{360CB72D-0381-48BD-A6DB-1AEAAFDF2684}"
EndProject
Project("{FAE04EC0-301F-11D3-BF4B-00C04F79EFBC}") = "ImageList", "ImageList\ImageList.csproj", "{74237875-C5DC-4DEF-92A1-D39F881DAFC1}"
EndProject
Project("{FAE04EC0-301F-11D3-BF4B-00C04F79EFBC}") = "WPFFocus", "WPFFocus\WPFFocus.csproj", "{033B194A-749E-4935-AF32-AAEC7DC9D74E}"
EndProject
Project("{FAE04EC0-301F-11D3-BF4B-00C04F79EFBC}") = "EmbaddedFont", "EmbaddedFont\EmbaddedFont.csproj", "{A273D758-09F9-4167-8B56-D76C1D667149}"
EndProject
Project("{FAE04EC0-301F-11D3-BF4B-00C04F79EFBC}") = "WPFMouseEvent", "WPFMouseEvent\WPFMouseEvent.csproj", "{6C752BAA-FCE7-4953-B8D4-909A827E3F2F}"
EndProject
Project("{FAE04EC0-301F-11D3-BF4B-00C04F79EFBC}") = "MouseCapture", "MouseCapture\MouseCapture.csproj", "{FECE5B04-9DBF-400A-8AA6-E23CBF2495F7}"
EndProject
Project("{FAE04EC0-301F-11D3-BF4B-00C04F79EFBC}") = "DragAndDrop", "DragAndDrop\DragAndDrop.csproj", "{6ED8AB7D-F421-40C2-AB1A-77532A2BD7C3}"
EndProject
Project("{FAE04EC0-301F-11D3-BF4B-00C04F79EFBC}") = "ListControlElements", "ListControlElements\ListControlElements.csproj", "{ED81C6F9-D062-44AF-99A3-3DFB0943AB4F}"
EndProject
Global
	GlobalSection(SolutionConfigurationPlatforms) = preSolution
		Debug|Any CPU = Debug|Any CPU
		Release|Any CPU = Release|Any CPU
	EndGlobalSection
	GlobalSection(ProjectConfigurationPlatforms) = postSolution
		{9B4CFB55-8435-4F50-97AB-7967CFCC39B0}.Debug|Any CPU.ActiveCfg = Debug|Any CPU
		{9B4CFB55-8435-4F50-97AB-7967CFCC39B0}.Debug|Any CPU.Build.0 = Debug|Any CPU
		{9B4CFB55-8435-4F50-97AB-7967CFCC39B0}.Release|Any CPU.ActiveCfg = Release|Any CPU
		{9B4CFB55-8435-4F50-97AB-7967CFCC39B0}.Release|Any CPU.Build.0 = Release|Any CPU
		{3DAA6C3A-E513-4B41-BF7F-BA1CEBA461D9}.Debug|Any CPU.ActiveCfg = Debug|Any CPU
		{3DAA6C3A-E513-4B41-BF7F-BA1CEBA461D9}.Debug|Any CPU.Build.0 = Debug|Any CPU
		{3DAA6C3A-E513-4B41-BF7F-BA1CEBA461D9}.Release|Any CPU.ActiveCfg = Release|Any CPU
		{3DAA6C3A-E513-4B41-BF7F-BA1CEBA461D9}.Release|Any CPU.Build.0 = Release|Any CPU
		{41E92BA8-A726-47E6-B739-B22678584103}.Debug|Any CPU.ActiveCfg = Debug|Any CPU
		{41E92BA8-A726-47E6-B739-B22678584103}.Debug|Any CPU.Build.0 = Debug|Any CPU
		{41E92BA8-A726-47E6-B739-B22678584103}.Release|Any CPU.ActiveCfg = Release|Any CPU
		{41E92BA8-A726-47E6-B739-B22678584103}.Release|Any CPU.Build.0 = Release|Any CPU
		{907F6FF2-800D-479F-BA84-64854BECF0AF}.Debug|Any CPU.ActiveCfg = Debug|Any CPU
		{907F6FF2-800D-479F-BA84-64854BECF0AF}.Debug|Any CPU.Build.0 = Debug|Any CPU
		{907F6FF2-800D-479F-BA84-64854BECF0AF}.Release|Any CPU.ActiveCfg = Release|Any CPU
		{907F6FF2-800D-479F-BA84-64854BECF0AF}.Release|Any CPU.Build.0 = Release|Any CPU
		{5BE0A62C-9A59-463F-841A-BD8A10B4BB29}.Debug|Any CPU.ActiveCfg = Debug|Any CPU
		{5BE0A62C-9A59-463F-841A-BD8A10B4BB29}.Debug|Any CPU.Build.0 = Debug|Any CPU
		{5BE0A62C-9A59-463F-841A-BD8A10B4BB29}.Release|Any CPU.ActiveCfg = Release|Any CPU
		{5BE0A62C-9A59-463F-841A-BD8A10B4BB29}.Release|Any CPU.Build.0 = Release|Any CPU
		{7B994552-7964-407A-A50D-21D0B6953786}.Debug|Any CPU.ActiveCfg = Debug|Any CPU
		{7B994552-7964-407A-A50D-21D0B6953786}.Debug|Any CPU.Build.0 = Debug|Any CPU
		{7B994552-7964-407A-A50D-21D0B6953786}.Release|Any CPU.ActiveCfg = Release|Any CPU
		{7B994552-7964-407A-A50D-21D0B6953786}.Release|Any CPU.Build.0 = Release|Any CPU
		{360CB72D-0381-48BD-A6DB-1AEAAFDF2684}.Debug|Any CPU.ActiveCfg = Debug|Any CPU
		{360CB72D-0381-48BD-A6DB-1AEAAFDF2684}.Debug|Any CPU.Build.0 = Debug|Any CPU
		{360CB72D-0381-48BD-A6DB-1AEAAFDF2684}.Release|Any CPU.ActiveCfg = Release|Any CPU
		{360CB72D-0381-48BD-A6DB-1AEAAFDF2684}.Release|Any CPU.Build.0 = Release|Any CPU
		{74237875-C5DC-4DEF-92A1-D39F881DAFC1}.Debug|Any CPU.ActiveCfg = Debug|Any CPU
		{74237875-C5DC-4DEF-92A1-D39F881DAFC1}.Debug|Any CPU.Build.0 = Debug|Any CPU
		{74237875-C5DC-4DEF-92A1-D39F881DAFC1}.Release|Any CPU.ActiveCfg = Release|Any CPU
		{74237875-C5DC-4DEF-92A1-D39F881DAFC1}.Release|Any CPU.Build.0 = Release|Any CPU
		{033B194A-749E-4935-AF32-AAEC7DC9D74E}.Debug|Any CPU.ActiveCfg = Debug|Any CPU
		{033B194A-749E-4935-AF32-AAEC7DC9D74E}.Debug|Any CPU.Build.0 = Debug|Any CPU
		{033B194A-749E-4935-AF32-AAEC7DC9D74E}.Release|Any CPU.ActiveCfg = Release|Any CPU
		{033B194A-749E-4935-AF32-AAEC7DC9D74E}.Release|Any CPU.Build.0 = Release|Any CPU
		{A273D758-09F9-4167-8B56-D76C1D667149}.Debug|Any CPU.ActiveCfg = Debug|Any CPU
		{A273D758-09F9-4167-8B56-D76C1D667149}.Debug|Any CPU.Build.0 = Debug|Any CPU
		{A273D758-09F9-4167-8B56-D76C1D667149}.Release|Any CPU.ActiveCfg = Release|Any CPU
		{A273D758-09F9-4167-8B56-D76C1D667149}.Release|Any CPU.Build.0 = Release|Any CPU
		{6C752BAA-FCE7-4953-B8D4-909A827E3F2F}.Debug|Any CPU.ActiveCfg = Debug|Any CPU
		{6C752BAA-FCE7-4953-B8D4-909A827E3F2F}.Debug|Any CPU.Build.0 = Debug|Any CPU
		{6C752BAA-FCE7-4953-B8D4-909A827E3F2F}.Release|Any CPU.ActiveCfg = Release|Any CPU
		{6C752BAA-FCE7-4953-B8D4-909A827E3F2F}.Release|Any CPU.Build.0 = Release|Any CPU
		{FECE5B04-9DBF-400A-8AA6-E23CBF2495F7}.Debug|Any CPU.ActiveCfg = Debug|Any CPU
		{FECE5B04-9DBF-400A-8AA6-E23CBF2495F7}.Debug|Any CPU.Build.0 = Debug|Any CPU
		{FECE5B04-9DBF-400A-8AA6-E23CBF2495F7}.Release|Any CPU.ActiveCfg = Release|Any CPU
		{FECE5B04-9DBF-400A-8AA6-E23CBF2495F7}.Release|Any CPU.Build.0 = Release|Any CPU
		{6ED8AB7D-F421-40C2-AB1A-77532A2BD7C3}.Debug|Any CPU.ActiveCfg = Debug|Any CPU
		{6ED8AB7D-F421-40C2-AB1A-77532A2BD7C3}.Debug|Any CPU.Build.0 = Debug|Any CPU
		{6ED8AB7D-F421-40C2-AB1A-77532A2BD7C3}.Release|Any CPU.ActiveCfg = Release|Any CPU
		{6ED8AB7D-F421-40C2-AB1A-77532A2BD7C3}.Release|Any CPU.Build.0 = Release|Any CPU
		{ED81C6F9-D062-44AF-99A3-3DFB0943AB4F}.Debug|Any CPU.ActiveCfg = Debug|Any CPU
		{ED81C6F9-D062-44AF-99A3-3DFB0943AB4F}.Debug|Any CPU.Build.0 = Debug|Any CPU
		{ED81C6F9-D062-44AF-99A3-3DFB0943AB4F}.Release|Any CPU.ActiveCfg = Release|Any CPU
		{ED81C6F9-D062-44AF-99A3-3DFB0943AB4F}.Release|Any CPU.Build.0 = Release|Any CPU
	EndGlobalSection
	GlobalSection(SolutionProperties) = preSolution
		HideSolutionNode = FALSE
	EndGlobalSection
	GlobalSection(ExtensibilityGlobals) = postSolution
		SolutionGuid = {4EB64CCE-5E7C-49E7-BDD1-D9C4442AB398}
	EndGlobalSection
EndGlobal
