
Microsoft Visual Studio Solution File, Format Version 12.00
# Visual Studio 15
VisualStudioVersion = 15.0.28307.1340
MinimumVisualStudioVersion = 10.0.40219.1
Project("{FAE04EC0-301F-11D3-BF4B-00C04F79EFBC}") = "Grid", "Work_with_containers\Grid.csproj", "{C5D7AB03-5312-4D87-B2F5-B4E09DFE0C63}"
EndProject
Project("{FAE04EC0-301F-11D3-BF4B-00C04F79EFBC}") = "GridSize", "GridSize\GridSize.csproj", "{27F7F95C-FAE3-4B34-894C-A0B22C715A5A}"
EndProject
Project("{FAE04EC0-301F-11D3-BF4B-00C04F79EFBC}") = "StackPanel", "StackPanel\StackPanel.csproj", "{F70CB17E-E4AE-44B7-9B28-06E995B6B084}"
EndProject
Project("{FAE04EC0-301F-11D3-BF4B-00C04F79EFBC}") = "DockPanel", "DockPanel\DockPanel.csproj", "{A5AAEEFF-8981-4C33-B2D5-CCA306A1DC98}"
EndProject
Project("{FAE04EC0-301F-11D3-BF4B-00C04F79EFBC}") = "WrapPanel", "WrapPanel\WrapPanel.csproj", "{6343B806-400D-412A-9E7B-43667281751A}"
EndProject
Project("{FAE04EC0-301F-11D3-BF4B-00C04F79EFBC}") = "Uniform_Grid", "Uniform_Grid\Uniform_Grid.csproj", "{BF79E329-9B44-45BF-A85E-E8B461E3976A}"
EndProject
Project("{FAE04EC0-301F-11D3-BF4B-00C04F79EFBC}") = "Canvas", "Canvas\Canvas.csproj", "{81ADBB08-9E0C-4D38-84FE-3EF51F1D0F2B}"
EndProject
Project("{FAE04EC0-301F-11D3-BF4B-00C04F79EFBC}") = "InkCanvas", "InkCanvas\InkCanvas.csproj", "{C902C08F-D7A8-4864-A8A2-2957FB0C6FE8}"
EndProject
Project("{FAE04EC0-301F-11D3-BF4B-00C04F79EFBC}") = "GridSplitter", "GridSplitter\GridSplitter.csproj", "{86CFE752-5FC1-48DD-8F10-6B0C64061010}"
EndProject
Project("{FAE04EC0-301F-11D3-BF4B-00C04F79EFBC}") = "Number_work", "Number_work\Number_work.csproj", "{3151AC7C-FB57-40C1-973D-CCC7A218176D}"
EndProject
Project("{FAE04EC0-301F-11D3-BF4B-00C04F79EFBC}") = "Zoom_task", "Zoom_task\Zoom_task.csproj", "{6A60DD2F-F890-4132-AD74-9D9EE79F265C}"
EndProject
Project("{FAE04EC0-301F-11D3-BF4B-00C04F79EFBC}") = "Text_task", "Text_task\Text_task.csproj", "{19DFC159-E322-463B-A034-53073ED2EDC7}"
EndProject
Project("{FAE04EC0-301F-11D3-BF4B-00C04F79EFBC}") = "Paint_task", "Paint_task\Paint_task.csproj", "{B9DEDFBB-5FEF-4BE3-8683-A686B1FBD2E2}"
EndProject
Global
	GlobalSection(SolutionConfigurationPlatforms) = preSolution
		Debug|Any CPU = Debug|Any CPU
		Release|Any CPU = Release|Any CPU
	EndGlobalSection
	GlobalSection(ProjectConfigurationPlatforms) = postSolution
		{C5D7AB03-5312-4D87-B2F5-B4E09DFE0C63}.Debug|Any CPU.ActiveCfg = Debug|Any CPU
		{C5D7AB03-5312-4D87-B2F5-B4E09DFE0C63}.Debug|Any CPU.Build.0 = Debug|Any CPU
		{C5D7AB03-5312-4D87-B2F5-B4E09DFE0C63}.Release|Any CPU.ActiveCfg = Release|Any CPU
		{C5D7AB03-5312-4D87-B2F5-B4E09DFE0C63}.Release|Any CPU.Build.0 = Release|Any CPU
		{27F7F95C-FAE3-4B34-894C-A0B22C715A5A}.Debug|Any CPU.ActiveCfg = Debug|Any CPU
		{27F7F95C-FAE3-4B34-894C-A0B22C715A5A}.Debug|Any CPU.Build.0 = Debug|Any CPU
		{27F7F95C-FAE3-4B34-894C-A0B22C715A5A}.Release|Any CPU.ActiveCfg = Release|Any CPU
		{27F7F95C-FAE3-4B34-894C-A0B22C715A5A}.Release|Any CPU.Build.0 = Release|Any CPU
		{F70CB17E-E4AE-44B7-9B28-06E995B6B084}.Debug|Any CPU.ActiveCfg = Debug|Any CPU
		{F70CB17E-E4AE-44B7-9B28-06E995B6B084}.Debug|Any CPU.Build.0 = Debug|Any CPU
		{F70CB17E-E4AE-44B7-9B28-06E995B6B084}.Release|Any CPU.ActiveCfg = Release|Any CPU
		{F70CB17E-E4AE-44B7-9B28-06E995B6B084}.Release|Any CPU.Build.0 = Release|Any CPU
		{A5AAEEFF-8981-4C33-B2D5-CCA306A1DC98}.Debug|Any CPU.ActiveCfg = Debug|Any CPU
		{A5AAEEFF-8981-4C33-B2D5-CCA306A1DC98}.Debug|Any CPU.Build.0 = Debug|Any CPU
		{A5AAEEFF-8981-4C33-B2D5-CCA306A1DC98}.Release|Any CPU.ActiveCfg = Release|Any CPU
		{A5AAEEFF-8981-4C33-B2D5-CCA306A1DC98}.Release|Any CPU.Build.0 = Release|Any CPU
		{6343B806-400D-412A-9E7B-43667281751A}.Debug|Any CPU.ActiveCfg = Debug|Any CPU
		{6343B806-400D-412A-9E7B-43667281751A}.Debug|Any CPU.Build.0 = Debug|Any CPU
		{6343B806-400D-412A-9E7B-43667281751A}.Release|Any CPU.ActiveCfg = Release|Any CPU
		{6343B806-400D-412A-9E7B-43667281751A}.Release|Any CPU.Build.0 = Release|Any CPU
		{BF79E329-9B44-45BF-A85E-E8B461E3976A}.Debug|Any CPU.ActiveCfg = Debug|Any CPU
		{BF79E329-9B44-45BF-A85E-E8B461E3976A}.Debug|Any CPU.Build.0 = Debug|Any CPU
		{BF79E329-9B44-45BF-A85E-E8B461E3976A}.Release|Any CPU.ActiveCfg = Release|Any CPU
		{BF79E329-9B44-45BF-A85E-E8B461E3976A}.Release|Any CPU.Build.0 = Release|Any CPU
		{81ADBB08-9E0C-4D38-84FE-3EF51F1D0F2B}.Debug|Any CPU.ActiveCfg = Debug|Any CPU
		{81ADBB08-9E0C-4D38-84FE-3EF51F1D0F2B}.Debug|Any CPU.Build.0 = Debug|Any CPU
		{81ADBB08-9E0C-4D38-84FE-3EF51F1D0F2B}.Release|Any CPU.ActiveCfg = Release|Any CPU
		{81ADBB08-9E0C-4D38-84FE-3EF51F1D0F2B}.Release|Any CPU.Build.0 = Release|Any CPU
		{C902C08F-D7A8-4864-A8A2-2957FB0C6FE8}.Debug|Any CPU.ActiveCfg = Debug|Any CPU
		{C902C08F-D7A8-4864-A8A2-2957FB0C6FE8}.Debug|Any CPU.Build.0 = Debug|Any CPU
		{C902C08F-D7A8-4864-A8A2-2957FB0C6FE8}.Release|Any CPU.ActiveCfg = Release|Any CPU
		{C902C08F-D7A8-4864-A8A2-2957FB0C6FE8}.Release|Any CPU.Build.0 = Release|Any CPU
		{86CFE752-5FC1-48DD-8F10-6B0C64061010}.Debug|Any CPU.ActiveCfg = Debug|Any CPU
		{86CFE752-5FC1-48DD-8F10-6B0C64061010}.Debug|Any CPU.Build.0 = Debug|Any CPU
		{86CFE752-5FC1-48DD-8F10-6B0C64061010}.Release|Any CPU.ActiveCfg = Release|Any CPU
		{86CFE752-5FC1-48DD-8F10-6B0C64061010}.Release|Any CPU.Build.0 = Release|Any CPU
		{3151AC7C-FB57-40C1-973D-CCC7A218176D}.Debug|Any CPU.ActiveCfg = Debug|Any CPU
		{3151AC7C-FB57-40C1-973D-CCC7A218176D}.Debug|Any CPU.Build.0 = Debug|Any CPU
		{3151AC7C-FB57-40C1-973D-CCC7A218176D}.Release|Any CPU.ActiveCfg = Release|Any CPU
		{3151AC7C-FB57-40C1-973D-CCC7A218176D}.Release|Any CPU.Build.0 = Release|Any CPU
		{6A60DD2F-F890-4132-AD74-9D9EE79F265C}.Debug|Any CPU.ActiveCfg = Debug|Any CPU
		{6A60DD2F-F890-4132-AD74-9D9EE79F265C}.Debug|Any CPU.Build.0 = Debug|Any CPU
		{6A60DD2F-F890-4132-AD74-9D9EE79F265C}.Release|Any CPU.ActiveCfg = Release|Any CPU
		{6A60DD2F-F890-4132-AD74-9D9EE79F265C}.Release|Any CPU.Build.0 = Release|Any CPU
		{19DFC159-E322-463B-A034-53073ED2EDC7}.Debug|Any CPU.ActiveCfg = Debug|Any CPU
		{19DFC159-E322-463B-A034-53073ED2EDC7}.Debug|Any CPU.Build.0 = Debug|Any CPU
		{19DFC159-E322-463B-A034-53073ED2EDC7}.Release|Any CPU.ActiveCfg = Release|Any CPU
		{19DFC159-E322-463B-A034-53073ED2EDC7}.Release|Any CPU.Build.0 = Release|Any CPU
		{B9DEDFBB-5FEF-4BE3-8683-A686B1FBD2E2}.Debug|Any CPU.ActiveCfg = Debug|Any CPU
		{B9DEDFBB-5FEF-4BE3-8683-A686B1FBD2E2}.Debug|Any CPU.Build.0 = Debug|Any CPU
		{B9DEDFBB-5FEF-4BE3-8683-A686B1FBD2E2}.Release|Any CPU.ActiveCfg = Release|Any CPU
		{B9DEDFBB-5FEF-4BE3-8683-A686B1FBD2E2}.Release|Any CPU.Build.0 = Release|Any CPU
	EndGlobalSection
	GlobalSection(SolutionProperties) = preSolution
		HideSolutionNode = FALSE
	EndGlobalSection
	GlobalSection(ExtensibilityGlobals) = postSolution
		SolutionGuid = {5BB14F13-97B5-4798-A891-485A438B3940}
	EndGlobalSection
EndGlobal
